// !$*UTF8*$!
{
	archiveVersion = 1;
	classes = {
	};
	objectVersion = 55;
	objects = {

/* Begin PBXBuildFile section */
		F8DF6E2026CC1FE600CC8979 /* AppDelegate.swift in Sources */ = {isa = PBXBuildFile; fileRef = F8DF6E1F26CC1FE600CC8979 /* AppDelegate.swift */; };
		F8DF6E2226CC1FE600CC8979 /* SceneDelegate.swift in Sources */ = {isa = PBXBuildFile; fileRef = F8DF6E2126CC1FE600CC8979 /* SceneDelegate.swift */; };
		F8DF6E2426CC1FE600CC8979 /* ViewController.swift in Sources */ = {isa = PBXBuildFile; fileRef = F8DF6E2326CC1FE600CC8979 /* ViewController.swift */; };
		F8DF6E2726CC1FE600CC8979 /* Main.storyboard in Resources */ = {isa = PBXBuildFile; fileRef = F8DF6E2526CC1FE600CC8979 /* Main.storyboard */; };
		F8DF6E2A26CC1FE600CC8979 /* _____.xcdatamodeld in Sources */ = {isa = PBXBuildFile; fileRef = F8DF6E2826CC1FE600CC8979 /* _____.xcdatamodeld */; };
		F8DF6E2C26CC1FE700CC8979 /* Assets.xcassets in Resources */ = {isa = PBXBuildFile; fileRef = F8DF6E2B26CC1FE700CC8979 /* Assets.xcassets */; };
		F8DF6E2F26CC1FE700CC8979 /* LaunchScreen.storyboard in Resources */ = {isa = PBXBuildFile; fileRef = F8DF6E2D26CC1FE700CC8979 /* LaunchScreen.storyboard */; };
/* End PBXBuildFile section */

/* Begin PBXFileReference section */
		F8DF6E1C26CC1FE600CC8979 /* 換頁ＡＰＰ.app */ = {isa = PBXFileReference; explicitFileType = wrapper.application; includeInIndex = 0; path = "換頁ＡＰＰ.app"; sourceTree = BUILT_PRODUCTS_DIR; };
		F8DF6E1F26CC1FE600CC8979 /* AppDelegate.swift */ = {isa = PBXFileReference; lastKnownFileType = sourcecode.swift; path = AppDelegate.swift; sourceTree = "<group>"; };
		F8DF6E2126CC1FE600CC8979 /* SceneDelegate.swift */ = {isa = PBXFileReference; lastKnownFileType = sourcecode.swift; path = SceneDelegate.swift; sourceTree = "<group>"; };
		F8DF6E2326CC1FE600CC8979 /* ViewController.swift */ = {isa = PBXFileReference; lastKnownFileType = sourcecode.swift; path = ViewController.swift; sourceTree = "<group>"; };
		F8DF6E2626CC1FE600CC8979 /* Base */ = {isa = PBXFileReference; lastKnownFileType = file.storyboard; name = Base; path = Base.lproj/Main.storyboard; sourceTree = "<group>"; };
		F8DF6E2926CC1FE600CC8979 /* _____.xcdatamodel */ = {isa = PBXFileReference; lastKnownFileType = wrapper.xcdatamodel; path = "_____.xcdatamodel"; sourceTree = "<group>"; };
		F8DF6E2B26CC1FE700CC8979 /* Assets.xcassets */ = {isa = PBXFileReference; lastKnownFileType = folder.assetcatalog; path = Assets.xcassets; sourceTree = "<group>"; };
		F8DF6E2E26CC1FE700CC8979 /* Base */ = {isa = PBXFileReference; lastKnownFileType = file.storyboard; name = Base; path = Base.lproj/LaunchScreen.storyboard; sourceTree = "<group>"; };
		F8DF6E3026CC1FE700CC8979 /* Info.plist */ = {isa = PBXFileReference; lastKnownFileType = text.plist.xml; path = Info.plist; sourceTree = "<group>"; };
/* End PBXFileReference section */

/* Begin PBXFrameworksBuildPhase section */
		F8DF6E1926CC1FE600CC8979 /* Frameworks */ = {
			isa = PBXFrameworksBuildPhase;
			buildActionMask = 2147483647;
			files = (
			);
			runOnlyForDeploymentPostprocessing = 0;
		};
/* End PBXFrameworksBuildPhase section */

/* Begin PBXGroup section */
		F8DF6E1326CC1FE600CC8979 = {
			isa = PBXGroup;
			children = (
				F8DF6E1E26CC1FE600CC8979 /* 換頁ＡＰＰ */,
				F8DF6E1D26CC1FE600CC8979 /* Products */,
			);
			sourceTree = "<group>";
		};
		F8DF6E1D26CC1FE600CC8979 /* Products */ = {
			isa = PBXGroup;
			children = (
				F8DF6E1C26CC1FE600CC8979 /* 換頁ＡＰＰ.app */,
			);
			name = Products;
			sourceTree = "<group>";
		};
		F8DF6E1E26CC1FE600CC8979 /* 換頁ＡＰＰ */ = {
			isa = PBXGroup;
			children = (
				F8DF6E1F26CC1FE600CC8979 /* AppDelegate.swift */,
				F8DF6E2126CC1FE600CC8979 /* SceneDelegate.swift */,
				F8DF6E2326CC1FE600CC8979 /* ViewController.swift */,
				F8DF6E2526CC1FE600CC8979 /* Main.storyboard */,
				F8DF6E2B26CC1FE700CC8979 /* Assets.xcassets */,
				F8DF6E2D26CC1FE700CC8979 /* LaunchScreen.storyboard */,
				F8DF6E3026CC1FE700CC8979 /* Info.plist */,
				F8DF6E2826CC1FE600CC8979 /* _____.xcdatamodeld */,
			);
			path = "換頁ＡＰＰ";
			sourceTree = "<group>";
		};
/* End PBXGroup section */

/* Begin PBXNativeTarget section */
		F8DF6E1B26CC1FE600CC8979 /* 換頁ＡＰＰ */ = {
			isa = PBXNativeTarget;
			buildConfigurationList = F8DF6E3326CC1FE700CC8979 /* Build configuration list for PBXNativeTarget "換頁ＡＰＰ" */;
			buildPhases = (
				F8DF6E1826CC1FE600CC8979 /* Sources */,
				F8DF6E1926CC1FE600CC8979 /* Frameworks */,
				F8DF6E1A26CC1FE600CC8979 /* Resources */,
			);
			buildRules = (
			);
			dependencies = (
			);
			name = "換頁ＡＰＰ";
			productName = "換頁ＡＰＰ";
			productReference = F8DF6E1C26CC1FE600CC8979 /* 換頁ＡＰＰ.app */;
			productType = "com.apple.product-type.application";
		};
/* End PBXNativeTarget section */

/* Begin PBXProject section */
		F8DF6E1426CC1FE600CC8979 /* Project object */ = {
			isa = PBXProject;
			attributes = {
				BuildIndependentTargetsInParallel = 1;
				LastSwiftUpdateCheck = 1300;
				LastUpgradeCheck = 1300;
				TargetAttributes = {
					F8DF6E1B26CC1FE600CC8979 = {
						CreatedOnToolsVersion = 13.0;
					};
				};
			};
			buildConfigurationList = F8DF6E1726CC1FE600CC8979 /* Build configuration list for PBXProject "換頁ＡＰＰ" */;
			compatibilityVersion = "Xcode 13.0";
			developmentRegion = en;
			hasScannedForEncodings = 0;
			knownRegions = (
				en,
				Base,
			);
			mainGroup = F8DF6E1326CC1FE600CC8979;
			productRefGroup = F8DF6E1D26CC1FE600CC8979 /* Products */;
			projectDirPath = "";
			projectRoot = "";
			targets = (
				F8DF6E1B26CC1FE600CC8979 /* 換頁ＡＰＰ */,
			);
		};
/* End PBXProject section */

/* Begin PBXResourcesBuildPhase section */
		F8DF6E1A26CC1FE600CC8979 /* Resources */ = {
			isa = PBXResourcesBuildPhase;
			buildActionMask = 2147483647;
			files = (
				F8DF6E2F26CC1FE700CC8979 /* LaunchScreen.storyboard in Resources */,
				F8DF6E2C26CC1FE700CC8979 /* Assets.xcassets in Resources */,
				F8DF6E2726CC1FE600CC8979 /* Main.storyboard in Resources */,
			);
			runOnlyForDeploymentPostprocessing = 0;
		};
/* End PBXResourcesBuildPhase section */

/* Begin PBXSourcesBuildPhase section */
		F8DF6E1826CC1FE600CC8979 /* Sources */ = {
			isa = PBXSourcesBuildPhase;
			buildActionMask = 2147483647;
			files = (
				F8DF6E2426CC1FE600CC8979 /* ViewController.swift in Sources */,
				F8DF6E2A26CC1FE600CC8979 /* _____.xcdatamodeld in Sources */,
				F8DF6E2026CC1FE600CC8979 /* AppDelegate.swift in Sources */,
				F8DF6E2226CC1FE600CC8979 /* SceneDelegate.swift in Sources */,
			);
			runOnlyForDeploymentPostprocessing = 0;
		};
/* End PBXSourcesBuildPhase section */

/* Begin PBXVariantGroup section */
		F8DF6E2526CC1FE600CC8979 /* Main.storyboard */ = {
			isa = PBXVariantGroup;
			children = (
				F8DF6E2626CC1FE600CC8979 /* Base */,
			);
			name = Main.storyboard;
			sourceTree = "<group>";
		};
		F8DF6E2D26CC1FE700CC8979 /* LaunchScreen.storyboard */ = {
			isa = PBXVariantGroup;
			children = (
				F8DF6E2E26CC1FE700CC8979 /* Base */,
			);
			name = LaunchScreen.storyboard;
			sourceTree = "<group>";
		};
/* End PBXVariantGroup section */

/* Begin XCBuildConfiguration section */
		F8DF6E3126CC1FE700CC8979 /* Debug */ = {
			isa = XCBuildConfiguration;
			buildSettings = {
				ALWAYS_SEARCH_USER_PATHS = NO;
				CLANG_ANALYZER_NONNULL = YES;
				CLANG_ANALYZER_NUMBER_OBJECT_CONVERSION = YES_AGGRESSIVE;
				CLANG_CXX_LANGUAGE_STANDARD = "gnu++17";
				CLANG_CXX_LIBRARY = "libc++";
				CLANG_ENABLE_MODULES = YES;
				CLANG_ENABLE_OBJC_ARC = YES;
				CLANG_ENABLE_OBJC_WEAK = YES;
				CLANG_WARN_BLOCK_CAPTURE_AUTORELEASING = YES;
				CLANG_WARN_BOOL_CONVERSION = YES;
				CLANG_WARN_COMMA = YES;
				CLANG_WARN_CONSTANT_CONVERSION = YES;
				CLANG_WARN_DEPRECATED_OBJC_IMPLEMENTATIONS = YES;
				CLANG_WARN_DIRECT_OBJC_ISA_USAGE = YES_ERROR;
				CLANG_WARN_DOCUMENTATION_COMMENTS = YES;
				CLANG_WARN_EMPTY_BODY = YES;
				CLANG_WARN_ENUM_CONVERSION = YES;
				CLANG_WARN_INFINITE_RECURSION = YES;
				CLANG_WARN_INT_CONVERSION = YES;
				CLANG_WARN_NON_LITERAL_NULL_CONVERSION = YES;
				CLANG_WARN_OBJC_IMPLICIT_RETAIN_SELF = YES;
				CLANG_WARN_OBJC_LITERAL_CONVERSION = YES;
				CLANG_WARN_OBJC_ROOT_CLASS = YES_ERROR;
				CLANG_WARN_QUOTED_INCLUDE_IN_FRAMEWORK_HEADER = YES;
				CLANG_WARN_RANGE_LOOP_ANALYSIS = YES;
				CLANG_WARN_STRICT_PROTOTYPES = YES;
				CLANG_WARN_SUSPICIOUS_MOVE = YES;
				CLANG_WARN_UNGUARDED_AVAILABILITY = YES_AGGRESSIVE;
				CLANG_WARN_UNREACHABLE_CODE = YES;
				CLANG_WARN__DUPLICATE_METHOD_MATCH = YES;
				COPY_PHASE_STRIP = NO;
				DEBUG_INFORMATION_FORMAT = dwarf;
				ENABLE_STRICT_OBJC_MSGSEND = YES;
				ENABLE_TESTABILITY = YES;
				GCC_C_LANGUAGE_STANDARD = gnu11;
				GCC_DYNAMIC_NO_PIC = NO;
				GCC_NO_COMMON_BLOCKS = YES;
				GCC_OPTIMIZATION_LEVEL = 0;
				GCC_PREPROCESSOR_DEFINITIONS = (
					"DEBUG=1",
					"$(inherited)",
				);
				GCC_WARN_64_TO_32_BIT_CONVERSION = YES;
				GCC_WARN_ABOUT_RETURN_TYPE = YES_ERROR;
				GCC_WARN_UNDECLARED_SELECTOR = YES;
				GCC_WARN_UNINITIALIZED_AUTOS = YES_AGGRESSIVE;
				GCC_WARN_UNUSED_FUNCTION = YES;
				GCC_WARN_UNUSED_VARIABLE = YES;
				IPHONEOS_DEPLOYMENT_TARGET = 15.0;
				MTL_ENABLE_DEBUG_INFO = INCLUDE_SOURCE;
				MTL_FAST_MATH = YES;
				ONLY_ACTIVE_ARCH = YES;
				SDKROOT = iphoneos;
				SWIFT_ACTIVE_COMPILATION_CONDITIONS = DEBUG;
				SWIFT_OPTIMIZATION_LEVEL = "-Onone";
			};
			name = Debug;
		};
		F8DF6E3226CC1FE700CC8979 /* Release */ = {
			isa = XCBuildConfiguration;
			buildSettings = {
				ALWAYS_SEARCH_USER_PATHS = NO;
				CLANG_ANALYZER_NONNULL = YES;
				CLANG_ANALYZER_NUMBER_OBJECT_CONVERSION = YES_AGGRESSIVE;
				CLANG_CXX_LANGUAGE_STANDARD = "gnu++17";
				CLANG_CXX_LIBRARY = "libc++";
				CLANG_ENABLE_MODULES = YES;
				CLANG_ENABLE_OBJC_ARC = YES;
				CLANG_ENABLE_OBJC_WEAK = YES;
				CLANG_WARN_BLOCK_CAPTURE_AUTORELEASING = YES;
				CLANG_WARN_BOOL_CONVERSION = YES;
				CLANG_WARN_COMMA = YES;
				CLANG_WARN_CONSTANT_CONVERSION = YES;
				CLANG_WARN_DEPRECATED_OBJC_IMPLEMENTATIONS = YES;
				CLANG_WARN_DIRECT_OBJC_ISA_USAGE = YES_ERROR;
				CLANG_WARN_DOCUMENTATION_COMMENTS = YES;
				CLANG_WARN_EMPTY_BODY = YES;
				CLANG_WARN_ENUM_CONVERSION = YES;
				CLANG_WARN_INFINITE_RECURSION = YES;
				CLANG_WARN_INT_CONVERSION = YES;
				CLANG_WARN_NON_LITERAL_NULL_CONVERSION = YES;
				CLANG_WARN_OBJC_IMPLICIT_RETAIN_SELF = YES;
				CLANG_WARN_OBJC_LITERAL_CONVERSION = YES;
				CLANG_WARN_OBJC_ROOT_CLASS = YES_ERROR;
				CLANG_WARN_QUOTED_INCLUDE_IN_FRAMEWORK_HEADER = YES;
				CLANG_WARN_RANGE_LOOP_ANALYSIS = YES;
				CLANG_WARN_STRICT_PROTOTYPES = YES;
				CLANG_WARN_SUSPICIOUS_MOVE = YES;
				CLANG_WARN_UNGUARDED_AVAILABILITY = YES_AGGRESSIVE;
				CLANG_WARN_UNREACHABLE_CODE = YES;
				CLANG_WARN__DUPLICATE_METHOD_MATCH = YES;
				COPY_PHASE_STRIP = NO;
				DEBUG_INFORMATION_FORMAT = "dwarf-with-dsym";
				ENABLE_NS_ASSERTIONS = NO;
				ENABLE_STRICT_OBJC_MSGSEND = YES;
				GCC_C_LANGUAGE_STANDARD = gnu11;
				GCC_NO_COMMON_BLOCKS = YES;
				GCC_WARN_64_TO_32_BIT_CONVERSION = YES;
				GCC_WARN_ABOUT_RETURN_TYPE = YES_ERROR;
				GCC_WARN_UNDECLARED_SELECTOR = YES;
				GCC_WARN_UNINITIALIZED_AUTOS = YES_AGGRESSIVE;
				GCC_WARN_UNUSED_FUNCTION = YES;
				GCC_WARN_UNUSED_VARIABLE = YES;
				IPHONEOS_DEPLOYMENT_TARGET = 15.0;
				MTL_ENABLE_DEBUG_INFO = NO;
				MTL_FAST_MATH = YES;
				SDKROOT = iphoneos;
				SWIFT_COMPILATION_MODE = wholemodule;
				SWIFT_OPTIMIZATION_LEVEL = "-O";
				VALIDATE_PRODUCT = YES;
			};
			name = Release;
		};
		F8DF6E3426CC1FE700CC8979 /* Debug */ = {
			isa = XCBuildConfiguration;
			buildSettings = {
				ASSETCATALOG_COMPILER_APPICON_NAME = AppIcon;
				ASSETCATALOG_COMPILER_GLOBAL_ACCENT_COLOR_NAME = AccentColor;
				CODE_SIGN_STYLE = Automatic;
				CURRENT_PROJECT_VERSION = 1;
				GENERATE_INFOPLIST_FILE = YES;
				INFOPLIST_FILE = "換頁ＡＰＰ/Info.plist";
				INFOPLIST_KEY_UIApplicationSupportsIndirectInputEvents = YES;
				INFOPLIST_KEY_UILaunchStoryboardName = LaunchScreen;
				INFOPLIST_KEY_UIMainStoryboardFile = Main;
				INFOPLIST_KEY_UISupportedInterfaceOrientations_iPad = "UIInterfaceOrientationPortrait UIInterfaceOrientationPortraitUpsideDown UIInterfaceOrientationLandscapeLeft UIInterfaceOrientationLandscapeRight";
				INFOPLIST_KEY_UISupportedInterfaceOrientations_iPhone = "UIInterfaceOrientationPortrait UIInterfaceOrientationLandscapeLeft UIInterfaceOrientationLandscapeRight";
				LD_RUNPATH_SEARCH_PATHS = (
					"$(inherited)",
					"@executable_path/Frameworks",
				);
				MARKETING_VERSION = 1.0;
				PRODUCT_BUNDLE_IDENTIFIER = "com.deer.-----";
				PRODUCT_NAME = "$(TARGET_NAME)";
				SWIFT_EMIT_LOC_STRINGS = YES;
				SWIFT_VERSION = 5.0;
				TARGETED_DEVICE_FAMILY = "1,2";
			};
			name = Debug;
		};
		F8DF6E3526CC1FE700CC8979 /* Release */ = {
			isa = XCBuildConfiguration;
			buildSettings = {
				ASSETCATALOG_COMPILER_APPICON_NAME = AppIcon;
				ASSETCATALOG_COMPILER_GLOBAL_ACCENT_COLOR_NAME = AccentColor;
				CODE_SIGN_STYLE = Automatic;
				CURRENT_PROJECT_VERSION = 1;
				GENERATE_INFOPLIST_FILE = YES;
				INFOPLIST_FILE = "換頁ＡＰＰ/Info.plist";
				INFOPLIST_KEY_UIApplicationSupportsIndirectInputEvents = YES;
				INFOPLIST_KEY_UILaunchStoryboardName = LaunchScreen;
				INFOPLIST_KEY_UIMainStoryboardFile = Main;
				INFOPLIST_KEY_UISupportedInterfaceOrientations_iPad = "UIInterfaceOrientationPortrait UIInterfaceOrientationPortraitUpsideDown UIInterfaceOrientationLandscapeLeft UIInterfaceOrientationLandscapeRight";
				INFOPLIST_KEY_UISupportedInterfaceOrientations_iPhone = "UIInterfaceOrientationPortrait UIInterfaceOrientationLandscapeLeft UIInterfaceOrientationLandscapeRight";
				LD_RUNPATH_SEARCH_PATHS = (
					"$(inherited)",
					"@executable_path/Frameworks",
				);
				MARKETING_VERSION = 1.0;
				PRODUCT_BUNDLE_IDENTIFIER = "com.deer.-----";
				PRODUCT_NAME = "$(TARGET_NAME)";
				SWIFT_EMIT_LOC_STRINGS = YES;
				SWIFT_VERSION = 5.0;
				TARGETED_DEVICE_FAMILY = "1,2";
			};
			name = Release;
		};
/* End XCBuildConfiguration section */

/* Begin XCConfigurationList section */
		F8DF6E1726CC1FE600CC8979 /* Build configuration list for PBXProject "換頁ＡＰＰ" */ = {
			isa = XCConfigurationList;
			buildConfigurations = (
				F8DF6E3126CC1FE700CC8979 /* Debug */,
				F8DF6E3226CC1FE700CC8979 /* Release */,
			);
			defaultConfigurationIsVisible = 0;
			defaultConfigurationName = Release;
		};
		F8DF6E3326CC1FE700CC8979 /* Build configuration list for PBXNativeTarget "換頁ＡＰＰ" */ = {
			isa = XCConfigurationList;
			buildConfigurations = (
				F8DF6E3426CC1FE700CC8979 /* Debug */,
				F8DF6E3526CC1FE700CC8979 /* Release */,
			);
			defaultConfigurationIsVisible = 0;
			defaultConfigurationName = Release;
		};
/* End XCConfigurationList section */

/* Begin XCVersionGroup section */
		F8DF6E2826CC1FE600CC8979 /* _____.xcdatamodeld */ = {
			isa = XCVersionGroup;
			children = (
				F8DF6E2926CC1FE600CC8979 /* _____.xcdatamodel */,
			);
			currentVersion = F8DF6E2926CC1FE600CC8979 /* _____.xcdatamodel */;
			path = "_____.xcdatamodeld";
			sourceTree = "<group>";
			versionGroupType = wrapper.xcdatamodel;
		};
/* End XCVersionGroup section */
	};
	rootObject = F8DF6E1426CC1FE600CC8979 /* Project object */;
}
